// !$*UTF8*$!
{
	archiveVersion = 1;
	classes = {
	};
	objectVersion = 48;
	objects = {

/* Begin PBXBuildFile section */
		BAD7CACC1FA936EF00587B2D /* AppDelegate.swift in Sources */ = {isa = PBXBuildFile; fileRef = BAD7CACB1FA936EF00587B2D /* AppDelegate.swift */; };
		BAD7CACE1FA936EF00587B2D /* MasterViewController.swift in Sources */ = {isa = PBXBuildFile; fileRef = BAD7CACD1FA936EF00587B2D /* MasterViewController.swift */; };
		BAD7CAD01FA936EF00587B2D /* DetailViewController.swift in Sources */ = {isa = PBXBuildFile; fileRef = BAD7CACF1FA936EF00587B2D /* DetailViewController.swift */; };
		BAD7CAD31FA936EF00587B2D /* Main.storyboard in Resources */ = {isa = PBXBuildFile; fileRef = BAD7CAD11FA936EF00587B2D /* Main.storyboard */; };
		BAD7CAD51FA936EF00587B2D /* Assets.xcassets in Resources */ = {isa = PBXBuildFile; fileRef = BAD7CAD41FA936EF00587B2D /* Assets.xcassets */; };
		BAD7CAD81FA936EF00587B2D /* LaunchScreen.storyboard in Resources */ = {isa = PBXBuildFile; fileRef = BAD7CAD61FA936EF00587B2D /* LaunchScreen.storyboard */; };
/* End PBXBuildFile section */

/* Begin PBXFileReference section */
		BAD7CAC81FA936EF00587B2D /* TVShowsApp.app */ = {isa = PBXFileReference; explicitFileType = wrapper.application; includeInIndex = 0; path = TVShowsApp.app; sourceTree = BUILT_PRODUCTS_DIR; };
		BAD7CACB1FA936EF00587B2D /* AppDelegate.swift */ = {isa = PBXFileReference; lastKnownFileType = sourcecode.swift; path = AppDelegate.swift; sourceTree = "<group>"; };
		BAD7CACD1FA936EF00587B2D /* MasterViewController.swift */ = {isa = PBXFileReference; lastKnownFileType = sourcecode.swift; path = MasterViewController.swift; sourceTree = "<group>"; };
		BAD7CACF1FA936EF00587B2D /* DetailViewController.swift */ = {isa = PBXFileReference; lastKnownFileType = sourcecode.swift; path = DetailViewController.swift; sourceTree = "<group>"; };
		BAD7CAD21FA936EF00587B2D /* Base */ = {isa = PBXFileReference; lastKnownFileType = file.storyboard; name = Base; path = Base.lproj/Main.storyboard; sourceTree = "<group>"; };
		BAD7CAD41FA936EF00587B2D /* Assets.xcassets */ = {isa = PBXFileReference; lastKnownFileType = folder.assetcatalog; path = Assets.xcassets; sourceTree = "<group>"; };
		BAD7CAD71FA936EF00587B2D /* Base */ = {isa = PBXFileReference; lastKnownFileType = file.storyboard; name = Base; path = Base.lproj/LaunchScreen.storyboard; sourceTree = "<group>"; };
		BAD7CAD91FA936EF00587B2D /* Info.plist */ = {isa = PBXFileReference; lastKnownFileType = text.plist.xml; path = Info.plist; sourceTree = "<group>"; };
/* End PBXFileReference section */

/* Begin PBXFrameworksBuildPhase section */
		BAD7CAC51FA936EF00587B2D /* Frameworks */ = {
			isa = PBXFrameworksBuildPhase;
			buildActionMask = 2147483647;
			files = (
			);
			runOnlyForDeploymentPostprocessing = 0;
		};
/* End PBXFrameworksBuildPhase section */

/* Begin PBXGroup section */
		BAD7CABF1FA936EF00587B2D = {
			isa = PBXGroup;
			children = (
				BAD7CACA1FA936EF00587B2D /* TVShowsApp */,
				BAD7CAC91FA936EF00587B2D /* Products */,
			);
			sourceTree = "<group>";
		};
		BAD7CAC91FA936EF00587B2D /* Products */ = {
			isa = PBXGroup;
			children = (
				BAD7CAC81FA936EF00587B2D /* TVShowsApp.app */,
			);
			name = Products;
			sourceTree = "<group>";
		};
		BAD7CACA1FA936EF00587B2D /* TVShowsApp */ = {
			isa = PBXGroup;
			children = (
				BAD7CACB1FA936EF00587B2D /* AppDelegate.swift */,
				BAD7CACD1FA936EF00587B2D /* MasterViewController.swift */,
				BAD7CACF1FA936EF00587B2D /* DetailViewController.swift */,
				BAD7CAD11FA936EF00587B2D /* Main.storyboard */,
				BAD7CAD41FA936EF00587B2D /* Assets.xcassets */,
				BAD7CAD61FA936EF00587B2D /* LaunchScreen.storyboard */,
				BAD7CAD91FA936EF00587B2D /* Info.plist */,
			);
			path = TVShowsApp;
			sourceTree = "<group>";
		};
/* End PBXGroup section */

/* Begin PBXNativeTarget section */
		BAD7CAC71FA936EF00587B2D /* TVShowsApp */ = {
			isa = PBXNativeTarget;
			buildConfigurationList = BAD7CADC1FA936EF00587B2D /* Build configuration list for PBXNativeTarget "TVShowsApp" */;
			buildPhases = (
				BAD7CAC41FA936EF00587B2D /* Sources */,
				BAD7CAC51FA936EF00587B2D /* Frameworks */,
				BAD7CAC61FA936EF00587B2D /* Resources */,
			);
			buildRules = (
			);
			dependencies = (
			);
			name = TVShowsApp;
			productName = TVShowsApp;
			productReference = BAD7CAC81FA936EF00587B2D /* TVShowsApp.app */;
			productType = "com.apple.product-type.application";
		};
/* End PBXNativeTarget section */

/* Begin PBXProject section */
		BAD7CAC01FA936EF00587B2D /* Project object */ = {
			isa = PBXProject;
			attributes = {
				LastSwiftUpdateCheck = 0900;
				LastUpgradeCheck = 0900;
				ORGANIZATIONNAME = "NotTooBad Software";
				TargetAttributes = {
					BAD7CAC71FA936EF00587B2D = {
						CreatedOnToolsVersion = 9.0.1;
						ProvisioningStyle = Automatic;
					};
				};
			};
			buildConfigurationList = BAD7CAC31FA936EF00587B2D /* Build configuration list for PBXProject "TVShowsApp" */;
			compatibilityVersion = "Xcode 8.0";
			developmentRegion = en;
			hasScannedForEncodings = 0;
			knownRegions = (
				en,
				Base,
			);
			mainGroup = BAD7CABF1FA936EF00587B2D;
			productRefGroup = BAD7CAC91FA936EF00587B2D /* Products */;
			projectDirPath = "";
			projectRoot = "";
			targets = (
				BAD7CAC71FA936EF00587B2D /* TVShowsApp */,
			);
		};
/* End PBXProject section */

/* Begin PBXResourcesBuildPhase section */
		BAD7CAC61FA936EF00587B2D /* Resources */ = {
			isa = PBXResourcesBuildPhase;
			buildActionMask = 2147483647;
			files = (
				BAD7CAD81FA936EF00587B2D /* LaunchScreen.storyboard in Resources */,
				BAD7CAD51FA936EF00587B2D /* Assets.xcassets in Resources */,
				BAD7CAD31FA936EF00587B2D /* Main.storyboard in Resources */,
			);
			runOnlyForDeploymentPostprocessing = 0;
		};
/* End PBXResourcesBuildPhase section */

/* Begin PBXSourcesBuildPhase section */
		BAD7CAC41FA936EF00587B2D /* Sources */ = {
			isa = PBXSourcesBuildPhase;
			buildActionMask = 2147483647;
			files = (
				BAD7CAD01FA936EF00587B2D /* DetailViewController.swift in Sources */,
				BAD7CACE1FA936EF00587B2D /* MasterViewController.swift in Sources */,
				BAD7CACC1FA936EF00587B2D /* AppDelegate.swift in Sources */,
			);
			runOnlyForDeploymentPostprocessing = 0;
		};
/* End PBXSourcesBuildPhase section */

/* Begin PBXVariantGroup section */
		BAD7CAD11FA936EF00587B2D /* Main.storyboard */ = {
			isa = PBXVariantGroup;
			children = (
				BAD7CAD21FA936EF00587B2D /* Base */,
			);
			name = Main.storyboard;
			sourceTree = "<group>";
		};
		BAD7CAD61FA936EF00587B2D /* LaunchScreen.storyboard */ = {
			isa = PBXVariantGroup;
			children = (
				BAD7CAD71FA936EF00587B2D /* Base */,
			);
			name = LaunchScreen.storyboard;
			sourceTree = "<group>";
		};
/* End PBXVariantGroup section */

/* Begin XCBuildConfiguration section */
		BAD7CADA1FA936EF00587B2D /* Debug */ = {
			isa = XCBuildConfiguration;
			buildSettings = {
				ALWAYS_SEARCH_USER_PATHS = NO;
				CLANG_ANALYZER_NONNULL = YES;
				CLANG_ANALYZER_NUMBER_OBJECT_CONVERSION = YES_AGGRESSIVE;
				CLANG_CXX_LANGUAGE_STANDARD = "gnu++14";
				CLANG_CXX_LIBRARY = "libc++";
				CLANG_ENABLE_MODULES = YES;
				CLANG_ENABLE_OBJC_ARC = YES;
				CLANG_WARN_BLOCK_CAPTURE_AUTORELEASING = YES;
				CLANG_WARN_BOOL_CONVERSION = YES;
				CLANG_WARN_COMMA = YES;
				CLANG_WARN_CONSTANT_CONVERSION = YES;
				CLANG_WARN_DIRECT_OBJC_ISA_USAGE = YES_ERROR;
				CLANG_WARN_DOCUMENTATION_COMMENTS = YES;
				CLANG_WARN_EMPTY_BODY = YES;
				CLANG_WARN_ENUM_CONVERSION = YES;
				CLANG_WARN_INFINITE_RECURSION = YES;
				CLANG_WARN_INT_CONVERSION = YES;
				CLANG_WARN_NON_LITERAL_NULL_CONVERSION = YES;
				CLANG_WARN_OBJC_LITERAL_CONVERSION = YES;
				CLANG_WARN_OBJC_ROOT_CLASS = YES_ERROR;
				CLANG_WARN_RANGE_LOOP_ANALYSIS = YES;
				CLANG_WARN_STRICT_PROTOTYPES = YES;
				CLANG_WARN_SUSPICIOUS_MOVE = YES;
				CLANG_WARN_UNGUARDED_AVAILABILITY = YES_AGGRESSIVE;
				CLANG_WARN_UNREACHABLE_CODE = YES;
				CLANG_WARN__DUPLICATE_METHOD_MATCH = YES;
				CODE_SIGN_IDENTITY = "iPhone Developer";
				COPY_PHASE_STRIP = NO;
				DEBUG_INFORMATION_FORMAT = dwarf;
				ENABLE_STRICT_OBJC_MSGSEND = YES;
				ENABLE_TESTABILITY = YES;
				GCC_C_LANGUAGE_STANDARD = gnu11;
				GCC_DYNAMIC_NO_PIC = NO;
				GCC_NO_COMMON_BLOCKS = YES;
				GCC_OPTIMIZATION_LEVEL = 0;
				GCC_PREPROCESSOR_DEFINITIONS = (
					"DEBUG=1",
					"$(inherited)",
				);
				GCC_WARN_64_TO_32_BIT_CONVERSION = YES;
				GCC_WARN_ABOUT_RETURN_TYPE = YES_ERROR;
				GCC_WARN_UNDECLARED_SELECTOR = YES;
				GCC_WARN_UNINITIALIZED_AUTOS = YES_AGGRESSIVE;
				GCC_WARN_UNUSED_FUNCTION = YES;
				GCC_WARN_UNUSED_VARIABLE = YES;
				IPHONEOS_DEPLOYMENT_TARGET = 11.0;
				MTL_ENABLE_DEBUG_INFO = YES;
				ONLY_ACTIVE_ARCH = YES;
				SDKROOT = iphoneos;
				SWIFT_ACTIVE_COMPILATION_CONDITIONS = DEBUG;
				SWIFT_OPTIMIZATION_LEVEL = "-Onone";
			};
			name = Debug;
		};
		BAD7CADB1FA936EF00587B2D /* Release */ = {
			isa = XCBuildConfiguration;
			buildSettings = {
				ALWAYS_SEARCH_USER_PATHS = NO;
				CLANG_ANALYZER_NONNULL = YES;
				CLANG_ANALYZER_NUMBER_OBJECT_CONVERSION = YES_AGGRESSIVE;
				CLANG_CXX_LANGUAGE_STANDARD = "gnu++14";
				CLANG_CXX_LIBRARY = "libc++";
				CLANG_ENABLE_MODULES = YES;
				CLANG_ENABLE_OBJC_ARC = YES;
				CLANG_WARN_BLOCK_CAPTURE_AUTORELEASING = YES;
				CLANG_WARN_BOOL_CONVERSION = YES;
				CLANG_WARN_COMMA = YES;
				CLANG_WARN_CONSTANT_CONVERSION = YES;
				CLANG_WARN_DIRECT_OBJC_ISA_USAGE = YES_ERROR;
				CLANG_WARN_DOCUMENTATION_COMMENTS = YES;
				CLANG_WARN_EMPTY_BODY = YES;
				CLANG_WARN_ENUM_CONVERSION = YES;
				CLANG_WARN_INFINITE_RECURSION = YES;
				CLANG_WARN_INT_CONVERSION = YES;
				CLANG_WARN_NON_LITERAL_NULL_CONVERSION = YES;
				CLANG_WARN_OBJC_LITERAL_CONVERSION = YES;
				CLANG_WARN_OBJC_ROOT_CLASS = YES_ERROR;
				CLANG_WARN_RANGE_LOOP_ANALYSIS = YES;
				CLANG_WARN_STRICT_PROTOTYPES = YES;
				CLANG_WARN_SUSPICIOUS_MOVE = YES;
				CLANG_WARN_UNGUARDED_AVAILABILITY = YES_AGGRESSIVE;
				CLANG_WARN_UNREACHABLE_CODE = YES;
				CLANG_WARN__DUPLICATE_METHOD_MATCH = YES;
				CODE_SIGN_IDENTITY = "iPhone Developer";
				COPY_PHASE_STRIP = NO;
				DEBUG_INFORMATION_FORMAT = "dwarf-with-dsym";
				ENABLE_NS_ASSERTIONS = NO;
				ENABLE_STRICT_OBJC_MSGSEND = YES;
				GCC_C_LANGUAGE_STANDARD = gnu11;
				GCC_NO_COMMON_BLOCKS = YES;
				GCC_WARN_64_TO_32_BIT_CONVERSION = YES;
				GCC_WARN_ABOUT_RETURN_TYPE = YES_ERROR;
				GCC_WARN_UNDECLARED_SELECTOR = YES;
				GCC_WARN_UNINITIALIZED_AUTOS = YES_AGGRESSIVE;
				GCC_WARN_UNUSED_FUNCTION = YES;
				GCC_WARN_UNUSED_VARIABLE = YES;
				IPHONEOS_DEPLOYMENT_TARGET = 11.0;
				MTL_ENABLE_DEBUG_INFO = NO;
				SDKROOT = iphoneos;
				SWIFT_OPTIMIZATION_LEVEL = "-Owholemodule";
				VALIDATE_PRODUCT = YES;
			};
			name = Release;
		};
		BAD7CADD1FA936EF00587B2D /* Debug */ = {
			isa = XCBuildConfiguration;
			buildSettings = {
				ASSETCATALOG_COMPILER_APPICON_NAME = AppIcon;
				CODE_SIGN_STYLE = Automatic;
				INFOPLIST_FILE = TVShowsApp/Info.plist;
				LD_RUNPATH_SEARCH_PATHS = "$(inherited) @executable_path/Frameworks";
				PRODUCT_BUNDLE_IDENTIFIER = com.nottoobadsoftware.TVShowsApp;
				PRODUCT_NAME = "$(TARGET_NAME)";
				SWIFT_VERSION = 4.0;
				TARGETED_DEVICE_FAMILY = "1,2";
			};
			name = Debug;
		};
		BAD7CADE1FA936EF00587B2D /* Release */ = {
			isa = XCBuildConfiguration;
			buildSettings = {
				ASSETCATALOG_COMPILER_APPICON_NAME = AppIcon;
				CODE_SIGN_STYLE = Automatic;
				INFOPLIST_FILE = TVShowsApp/Info.plist;
				LD_RUNPATH_SEARCH_PATHS = "$(inherited) @executable_path/Frameworks";
				PRODUCT_BUNDLE_IDENTIFIER = com.nottoobadsoftware.TVShowsApp;
				PRODUCT_NAME = "$(TARGET_NAME)";
				SWIFT_VERSION = 4.0;
				TARGETED_DEVICE_FAMILY = "1,2";
			};
			name = Release;
		};
/* End XCBuildConfiguration section */

/* Begin XCConfigurationList section */
		BAD7CAC31FA936EF00587B2D /* Build configuration list for PBXProject "TVShowsApp" */ = {
			isa = XCConfigurationList;
			buildConfigurations = (
				BAD7CADA1FA936EF00587B2D /* Debug */,
				BAD7CADB1FA936EF00587B2D /* Release */,
			);
			defaultConfigurationIsVisible = 0;
			defaultConfigurationName = Release;
		};
		BAD7CADC1FA936EF00587B2D /* Build configuration list for PBXNativeTarget "TVShowsApp" */ = {
			isa = XCConfigurationList;
			buildConfigurations = (
				BAD7CADD1FA936EF00587B2D /* Debug */,
				BAD7CADE1FA936EF00587B2D /* Release */,
			);
			defaultConfigurationIsVisible = 0;
			defaultConfigurationName = Release;
		};
/* End XCConfigurationList section */
	};
	rootObject = BAD7CAC01FA936EF00587B2D /* Project object */;
}
